
Microsoft Visual Studio Solution File, Format Version 12.00
# Visual Studio 15
VisualStudioVersion = 15.0.26430.16
MinimumVisualStudioVersion = 10.0.40219.1
Project("{FAE04EC0-301F-11D3-BF4B-00C04F79EFBC}") = "OOP Lab 2", "OOP Lab 2\OOP Lab 2.csproj", "{3FAA61A3-401A-4D7E-8074-FC97A29548B1}"
EndProject
Project("{FAE04EC0-301F-11D3-BF4B-00C04F79EFBC}") = "Podaci", "Podaci\Podaci.csproj", "{E6B5951E-4E8A-45CB-BCB3-086E9EAF22D4}"
EndProject
Global
	GlobalSection(SolutionConfigurationPlatforms) = preSolution
		Debug|Any CPU = Debug|Any CPU
		Release|Any CPU = Release|Any CPU
	EndGlobalSection
	GlobalSection(ProjectConfigurationPlatforms) = postSolution
		{3FAA61A3-401A-4D7E-8074-FC97A29548B1}.Debug|Any CPU.ActiveCfg = Debug|Any CPU
		{3FAA61A3-401A-4D7E-8074-FC97A29548B1}.Debug|Any CPU.Build.0 = Debug|Any CPU
		{3FAA61A3-401A-4D7E-8074-FC97A29548B1}.Release|Any CPU.ActiveCfg = Release|Any CPU
		{3FAA61A3-401A-4D7E-8074-FC97A29548B1}.Release|Any CPU.Build.0 = Release|Any CPU
		{E6B5951E-4E8A-45CB-BCB3-086E9EAF22D4}.Debug|Any CPU.ActiveCfg = Debug|Any CPU
		{E6B5951E-4E8A-45CB-BCB3-086E9EAF22D4}.Debug|Any CPU.Build.0 = Debug|Any CPU
		{E6B5951E-4E8A-45CB-BCB3-086E9EAF22D4}.Release|Any CPU.ActiveCfg = Release|Any CPU
		{E6B5951E-4E8A-45CB-BCB3-086E9EAF22D4}.Release|Any CPU.Build.0 = Release|Any CPU
	EndGlobalSection
	GlobalSection(SolutionProperties) = preSolution
		HideSolutionNode = FALSE
	EndGlobalSection
EndGlobal
